
Microsoft Visual Studio Solution File, Format Version 12.00
# Visual Studio 15
VisualStudioVersion = 15.0.27130.2027
MinimumVisualStudioVersion = 10.0.40219.1
Project("{FAE04EC0-301F-11D3-BF4B-00C04F79EFBC}") = "A2", "A2\A2.csproj", "{2F4EA52B-5C52-4BE2-9C56-696F65055FB2}"
EndProject
Project("{FAE04EC0-301F-11D3-BF4B-00C04F79EFBC}") = "A2Tests", "A2Tests\A2Tests.csproj", "{2A30AEA4-AC75-4374-8C05-9F9116AC2F2F}"
EndProject
Project("{FAE04EC0-301F-11D3-BF4B-00C04F79EFBC}") = "TestCommon", "..\Common\TestCommon\TestCommon.csproj", "{C39FF0C4-6960-42AD-8E2C-D2CAFE850A52}"
EndProject
Global
	GlobalSection(SolutionConfigurationPlatforms) = preSolution
		Debug|Any CPU = Debug|Any CPU
		Release|Any CPU = Release|Any CPU
	EndGlobalSection
	GlobalSection(ProjectConfigurationPlatforms) = postSolution
		{2F4EA52B-5C52-4BE2-9C56-696F65055FB2}.Debug|Any CPU.ActiveCfg = Debug|Any CPU
		{2F4EA52B-5C52-4BE2-9C56-696F65055FB2}.Debug|Any CPU.Build.0 = Debug|Any CPU
		{2F4EA52B-5C52-4BE2-9C56-696F65055FB2}.Release|Any CPU.ActiveCfg = Release|Any CPU
		{2F4EA52B-5C52-4BE2-9C56-696F65055FB2}.Release|Any CPU.Build.0 = Release|Any CPU
		{2A30AEA4-AC75-4374-8C05-9F9116AC2F2F}.Debug|Any CPU.ActiveCfg = Debug|Any CPU
		{2A30AEA4-AC75-4374-8C05-9F9116AC2F2F}.Debug|Any CPU.Build.0 = Debug|Any CPU
		{2A30AEA4-AC75-4374-8C05-9F9116AC2F2F}.Release|Any CPU.ActiveCfg = Release|Any CPU
		{2A30AEA4-AC75-4374-8C05-9F9116AC2F2F}.Release|Any CPU.Build.0 = Release|Any CPU
		{C39FF0C4-6960-42AD-8E2C-D2CAFE850A52}.Debug|Any CPU.ActiveCfg = Debug|Any CPU
		{C39FF0C4-6960-42AD-8E2C-D2CAFE850A52}.Debug|Any CPU.Build.0 = Debug|Any CPU
		{C39FF0C4-6960-42AD-8E2C-D2CAFE850A52}.Release|Any CPU.ActiveCfg = Release|Any CPU
		{C39FF0C4-6960-42AD-8E2C-D2CAFE850A52}.Release|Any CPU.Build.0 = Release|Any CPU
	EndGlobalSection
	GlobalSection(SolutionProperties) = preSolution
		HideSolutionNode = FALSE
	EndGlobalSection
	GlobalSection(ExtensibilityGlobals) = postSolution
		SolutionGuid = {5E00A906-D9DE-4BF3-A40E-ED38B07D0AED}
	EndGlobalSection
EndGlobal
